
Microsoft Visual Studio Solution File, Format Version 12.00
# Visual Studio Version 17
VisualStudioVersion = 17.8.34330.188
MinimumVisualStudioVersion = 10.0.40219.1
Project("{778DAE3C-4631-46EA-AA77-85C1314464D9}") = "01 - Empty", "01 - Empty\01 - Empty.vbproj", "{29BAA89F-3735-4D46-89A6-E9526DFF436F}"
EndProject
Project("{778DAE3C-4631-46EA-AA77-85C1314464D9}") = "vbConsoleGameEngine", "..\src\vbConsoleGameEngine\vbConsoleGameEngine.vbproj", "{225447DA-BB71-44DB-A635-0275CC8FED67}"
EndProject
Project("{778DAE3C-4631-46EA-AA77-85C1314464D9}") = "02 - HelloWorld", "02 - HelloWorld\02 - HelloWorld.vbproj", "{C13DCD81-3AE8-4BD2-8E9D-A351D5BE095B}"
EndProject
Project("{778DAE3C-4631-46EA-AA77-85C1314464D9}") = "03 - Mazes", "03 - Mazes\03 - Mazes.vbproj", "{07240650-2CBE-480E-BDF8-6990FED128CD}"
EndProject
Project("{778DAE3C-4631-46EA-AA77-85C1314464D9}") = "04 - GameOfLife", "04 - GameOfLife\04 - GameOfLife.vbproj", "{AB3691C6-8E7E-4089-A4BE-D89B55598AED}"
EndProject
Project("{778DAE3C-4631-46EA-AA77-85C1314464D9}") = "05 - RetroArcadeRacer", "05 - RetroArcadeRacer\05 - RetroArcadeRacer.vbproj", "{431DA10F-8C73-4E06-BD82-768A16BA968F}"
EndProject
Project("{F184B08F-C81C-45F6-A57F-5ABD9991F28F}") = "06 - Splines1", "06 - Splines1\06 - Splines1.vbproj", "{E1C689FB-311F-4AC4-B903-5394BB3F0BD7}"
EndProject
Project("{778DAE3C-4631-46EA-AA77-85C1314464D9}") = "07 - Frogger", "07 - Frogger\07 - Frogger.vbproj", "{44115749-5022-4746-AD04-FCFA71FCD4F7}"
EndProject
Project("{778DAE3C-4631-46EA-AA77-85C1314464D9}") = "08 - Asteroids", "08 - Asteroids\08 - Asteroids.vbproj", "{2F90CBBC-AD06-4702-BC48-F1594CE3556F}"
EndProject
Project("{778DAE3C-4631-46EA-AA77-85C1314464D9}") = "09 - Splines2", "09 - Splines2\09 - Splines2.vbproj", "{437DC3C0-C3B6-4F19-B14E-65C365D16BBA}"
EndProject
Project("{778DAE3C-4631-46EA-AA77-85C1314464D9}") = "10 - Webcam", "10 - Webcam\10 - Webcam.vbproj", "{8F480446-129E-443D-BC19-4D7E62D0A944}"
EndProject
Project("{778DAE3C-4631-46EA-AA77-85C1314464D9}") = "11 - PathFinding_AStar", "11 - PathFinding_AStar\11 - PathFinding_AStar.vbproj", "{60EEF736-9E20-4A0F-A375-1D1B97B51C73}"
EndProject
Project("{778DAE3C-4631-46EA-AA77-85C1314464D9}") = "12 - CommandLineFPS_2", "12 - CommandLineFPS_2\12 - CommandLineFPS_2.vbproj", "{DCBB9778-92C4-4CAF-98A5-7881DE21D74D}"
EndProject
Project("{778DAE3C-4631-46EA-AA77-85C1314464D9}") = "13 - PerlinNoise", "13 - PerlinNoise\13 - PerlinNoise.vbproj", "{7DB994CD-04A7-4ADF-81B0-6A840431195F}"
EndProject
Project("{778DAE3C-4631-46EA-AA77-85C1314464D9}") = "14 - FlappyBird", "14 - FlappyBird\14 - FlappyBird.vbproj", "{FC6D3D07-87D3-419E-B618-D07C5CA2E6B5}"
EndProject
Project("{778DAE3C-4631-46EA-AA77-85C1314464D9}") = "15 - AR_OpticFlow", "15 - AR_OpticFlow\15 - AR_OpticFlow.vbproj", "{B94B981F-7E96-4A65-9513-8225090F9B73}"
EndProject
Project("{778DAE3C-4631-46EA-AA77-85C1314464D9}") = "16 - Worms1", "16 - Worms1\16 - Worms1.vbproj", "{700950D7-7861-4619-B5E3-EE55E74B892E}"
EndProject
Project("{778DAE3C-4631-46EA-AA77-85C1314464D9}") = "17 - Worms2", "17 - Worms2\17 - Worms2.vbproj", "{D213E0DE-675B-484E-8240-B9901E872E52}"
EndProject
Project("{778DAE3C-4631-46EA-AA77-85C1314464D9}") = "18 - Worms3", "18 - Worms3\18 - Worms3.vbproj", "{CD6319EE-1E40-4B8B-B3A3-5C28983DDC45}"
EndProject
Project("{778DAE3C-4631-46EA-AA77-85C1314464D9}") = "19 - Balls1", "19 - Balls1\19 - Balls1.vbproj", "{C897DFCF-13F8-4D8B-B7EB-4647086C72A3}"
EndProject
Project("{778DAE3C-4631-46EA-AA77-85C1314464D9}") = "20 - Balls2", "20 - Balls2\20 - Balls2.vbproj", "{DA8EE427-A50A-4C5C-AB0F-54C40EE69D48}"
EndProject
Project("{778DAE3C-4631-46EA-AA77-85C1314464D9}") = "21 - PlatformGame1", "21 - PlatformGame1\21 - PlatformGame1.vbproj", "{B5E3477A-F3C9-453C-951A-EC92C2505E8D}"
EndProject
Project("{778DAE3C-4631-46EA-AA77-85C1314464D9}") = "22 - RolePlayingGame", "22 - RolePlayingGame\22 - RolePlayingGame.vbproj", "{3CA05318-84BE-4D0E-ADA0-4731B4915B21}"
EndProject
Project("{778DAE3C-4631-46EA-AA77-85C1314464D9}") = "23 - Breakout", "23 - Breakout\23 - Breakout.vbproj", "{98850F9E-2367-4FC8-9319-5C9B83C67C27}"
EndProject
Project("{778DAE3C-4631-46EA-AA77-85C1314464D9}") = "24 - Pseudo3dPlanesMode7", "24 - Pseudo3dPlanesMode7\24 - Pseudo3dPlanesMode7.vbproj", "{52BFD999-5697-46A4-B1E6-82BCF5B505F3}"
EndProject
Project("{778DAE3C-4631-46EA-AA77-85C1314464D9}") = "25 - RacingLines", "25 - RacingLines\25 - RacingLines.vbproj", "{8CCF5936-B122-48AF-9823-3039D38A1983}"
EndProject
Project("{778DAE3C-4631-46EA-AA77-85C1314464D9}") = "26 - PanAndZoom", "26 - PanAndZoom\26 - PanAndZoom.vbproj", "{95BEDECE-2532-4887-A875-AD3D033F1597}"
EndProject
Project("{778DAE3C-4631-46EA-AA77-85C1314464D9}") = "27 - Engine3d1", "27 - Engine3d1\27 - Engine3d1.vbproj", "{B6CB8EB7-C52B-4A9E-B869-ED427E0AFD4F}"
EndProject
Project("{778DAE3C-4631-46EA-AA77-85C1314464D9}") = "28 - Engine3d2", "28 - Engine3d2\28 - Engine3d2.vbproj", "{017ED12A-DE58-4E3E-9A65-4B47C768FDC0}"
EndProject
Project("{778DAE3C-4631-46EA-AA77-85C1314464D9}") = "29 - Engine3d3", "29 - Engine3d3\29 - Engine3d3.vbproj", "{1E4A58D7-AA5E-4205-AC2F-14267D6230A1}"
EndProject
Project("{778DAE3C-4631-46EA-AA77-85C1314464D9}") = "30 - Engine3d4", "30 - Engine3d4\30 - Engine3d4.vbproj", "{DE472484-9921-4CEA-B750-F22C572DEAF0}"
EndProject
Project("{778DAE3C-4631-46EA-AA77-85C1314464D9}") = "31 - LevelMaker", "31 - LevelMaker\31 - LevelMaker.vbproj", "{3C972DC5-A29C-446C-ACF4-B65A33CBB4DC}"
EndProject
Project("{778DAE3C-4631-46EA-AA77-85C1314464D9}") = "32 - SpriteEditor", "32 - SpriteEditor\32 - SpriteEditor.vbproj", "{0E771DEA-C27F-43A5-AF19-2C82D6FB37BB}"
EndProject
Global
	GlobalSection(SolutionConfigurationPlatforms) = preSolution
		Debug|Any CPU = Debug|Any CPU
		Release|Any CPU = Release|Any CPU
	EndGlobalSection
	GlobalSection(ProjectConfigurationPlatforms) = postSolution
		{29BAA89F-3735-4D46-89A6-E9526DFF436F}.Debug|Any CPU.ActiveCfg = Debug|Any CPU
		{29BAA89F-3735-4D46-89A6-E9526DFF436F}.Debug|Any CPU.Build.0 = Debug|Any CPU
		{29BAA89F-3735-4D46-89A6-E9526DFF436F}.Release|Any CPU.ActiveCfg = Release|Any CPU
		{29BAA89F-3735-4D46-89A6-E9526DFF436F}.Release|Any CPU.Build.0 = Release|Any CPU
		{225447DA-BB71-44DB-A635-0275CC8FED67}.Debug|Any CPU.ActiveCfg = Debug|Any CPU
		{225447DA-BB71-44DB-A635-0275CC8FED67}.Debug|Any CPU.Build.0 = Debug|Any CPU
		{225447DA-BB71-44DB-A635-0275CC8FED67}.Release|Any CPU.ActiveCfg = Release|Any CPU
		{225447DA-BB71-44DB-A635-0275CC8FED67}.Release|Any CPU.Build.0 = Release|Any CPU
		{C13DCD81-3AE8-4BD2-8E9D-A351D5BE095B}.Debug|Any CPU.ActiveCfg = Debug|Any CPU
		{C13DCD81-3AE8-4BD2-8E9D-A351D5BE095B}.Debug|Any CPU.Build.0 = Debug|Any CPU
		{C13DCD81-3AE8-4BD2-8E9D-A351D5BE095B}.Release|Any CPU.ActiveCfg = Release|Any CPU
		{C13DCD81-3AE8-4BD2-8E9D-A351D5BE095B}.Release|Any CPU.Build.0 = Release|Any CPU
		{07240650-2CBE-480E-BDF8-6990FED128CD}.Debug|Any CPU.ActiveCfg = Debug|Any CPU
		{07240650-2CBE-480E-BDF8-6990FED128CD}.Debug|Any CPU.Build.0 = Debug|Any CPU
		{07240650-2CBE-480E-BDF8-6990FED128CD}.Release|Any CPU.ActiveCfg = Release|Any CPU
		{07240650-2CBE-480E-BDF8-6990FED128CD}.Release|Any CPU.Build.0 = Release|Any CPU
		{AB3691C6-8E7E-4089-A4BE-D89B55598AED}.Debug|Any CPU.ActiveCfg = Debug|Any CPU
		{AB3691C6-8E7E-4089-A4BE-D89B55598AED}.Debug|Any CPU.Build.0 = Debug|Any CPU
		{AB3691C6-8E7E-4089-A4BE-D89B55598AED}.Release|Any CPU.ActiveCfg = Release|Any CPU
		{AB3691C6-8E7E-4089-A4BE-D89B55598AED}.Release|Any CPU.Build.0 = Release|Any CPU
		{431DA10F-8C73-4E06-BD82-768A16BA968F}.Debug|Any CPU.ActiveCfg = Debug|Any CPU
		{431DA10F-8C73-4E06-BD82-768A16BA968F}.Debug|Any CPU.Build.0 = Debug|Any CPU
		{431DA10F-8C73-4E06-BD82-768A16BA968F}.Release|Any CPU.ActiveCfg = Release|Any CPU
		{431DA10F-8C73-4E06-BD82-768A16BA968F}.Release|Any CPU.Build.0 = Release|Any CPU
		{E1C689FB-311F-4AC4-B903-5394BB3F0BD7}.Debug|Any CPU.ActiveCfg = Debug|Any CPU
		{E1C689FB-311F-4AC4-B903-5394BB3F0BD7}.Debug|Any CPU.Build.0 = Debug|Any CPU
		{E1C689FB-311F-4AC4-B903-5394BB3F0BD7}.Release|Any CPU.ActiveCfg = Release|Any CPU
		{E1C689FB-311F-4AC4-B903-5394BB3F0BD7}.Release|Any CPU.Build.0 = Release|Any CPU
		{44115749-5022-4746-AD04-FCFA71FCD4F7}.Debug|Any CPU.ActiveCfg = Debug|Any CPU
		{44115749-5022-4746-AD04-FCFA71FCD4F7}.Debug|Any CPU.Build.0 = Debug|Any CPU
		{44115749-5022-4746-AD04-FCFA71FCD4F7}.Release|Any CPU.ActiveCfg = Release|Any CPU
		{44115749-5022-4746-AD04-FCFA71FCD4F7}.Release|Any CPU.Build.0 = Release|Any CPU
		{2F90CBBC-AD06-4702-BC48-F1594CE3556F}.Debug|Any CPU.ActiveCfg = Debug|Any CPU
		{2F90CBBC-AD06-4702-BC48-F1594CE3556F}.Debug|Any CPU.Build.0 = Debug|Any CPU
		{2F90CBBC-AD06-4702-BC48-F1594CE3556F}.Release|Any CPU.ActiveCfg = Release|Any CPU
		{2F90CBBC-AD06-4702-BC48-F1594CE3556F}.Release|Any CPU.Build.0 = Release|Any CPU
		{437DC3C0-C3B6-4F19-B14E-65C365D16BBA}.Debug|Any CPU.ActiveCfg = Debug|Any CPU
		{437DC3C0-C3B6-4F19-B14E-65C365D16BBA}.Debug|Any CPU.Build.0 = Debug|Any CPU
		{437DC3C0-C3B6-4F19-B14E-65C365D16BBA}.Release|Any CPU.ActiveCfg = Release|Any CPU
		{437DC3C0-C3B6-4F19-B14E-65C365D16BBA}.Release|Any CPU.Build.0 = Release|Any CPU
		{8F480446-129E-443D-BC19-4D7E62D0A944}.Debug|Any CPU.ActiveCfg = Debug|Any CPU
		{8F480446-129E-443D-BC19-4D7E62D0A944}.Debug|Any CPU.Build.0 = Debug|Any CPU
		{8F480446-129E-443D-BC19-4D7E62D0A944}.Release|Any CPU.ActiveCfg = Release|Any CPU
		{8F480446-129E-443D-BC19-4D7E62D0A944}.Release|Any CPU.Build.0 = Release|Any CPU
		{60EEF736-9E20-4A0F-A375-1D1B97B51C73}.Debug|Any CPU.ActiveCfg = Debug|Any CPU
		{60EEF736-9E20-4A0F-A375-1D1B97B51C73}.Debug|Any CPU.Build.0 = Debug|Any CPU
		{60EEF736-9E20-4A0F-A375-1D1B97B51C73}.Release|Any CPU.ActiveCfg = Release|Any CPU
		{60EEF736-9E20-4A0F-A375-1D1B97B51C73}.Release|Any CPU.Build.0 = Release|Any CPU
		{DCBB9778-92C4-4CAF-98A5-7881DE21D74D}.Debug|Any CPU.ActiveCfg = Debug|Any CPU
		{DCBB9778-92C4-4CAF-98A5-7881DE21D74D}.Debug|Any CPU.Build.0 = Debug|Any CPU
		{DCBB9778-92C4-4CAF-98A5-7881DE21D74D}.Release|Any CPU.ActiveCfg = Release|Any CPU
		{DCBB9778-92C4-4CAF-98A5-7881DE21D74D}.Release|Any CPU.Build.0 = Release|Any CPU
		{7DB994CD-04A7-4ADF-81B0-6A840431195F}.Debug|Any CPU.ActiveCfg = Debug|Any CPU
		{7DB994CD-04A7-4ADF-81B0-6A840431195F}.Debug|Any CPU.Build.0 = Debug|Any CPU
		{7DB994CD-04A7-4ADF-81B0-6A840431195F}.Release|Any CPU.ActiveCfg = Release|Any CPU
		{7DB994CD-04A7-4ADF-81B0-6A840431195F}.Release|Any CPU.Build.0 = Release|Any CPU
		{FC6D3D07-87D3-419E-B618-D07C5CA2E6B5}.Debug|Any CPU.ActiveCfg = Debug|Any CPU
		{FC6D3D07-87D3-419E-B618-D07C5CA2E6B5}.Debug|Any CPU.Build.0 = Debug|Any CPU
		{FC6D3D07-87D3-419E-B618-D07C5CA2E6B5}.Release|Any CPU.ActiveCfg = Release|Any CPU
		{FC6D3D07-87D3-419E-B618-D07C5CA2E6B5}.Release|Any CPU.Build.0 = Release|Any CPU
		{B94B981F-7E96-4A65-9513-8225090F9B73}.Debug|Any CPU.ActiveCfg = Debug|Any CPU
		{B94B981F-7E96-4A65-9513-8225090F9B73}.Debug|Any CPU.Build.0 = Debug|Any CPU
		{B94B981F-7E96-4A65-9513-8225090F9B73}.Release|Any CPU.ActiveCfg = Release|Any CPU
		{B94B981F-7E96-4A65-9513-8225090F9B73}.Release|Any CPU.Build.0 = Release|Any CPU
		{700950D7-7861-4619-B5E3-EE55E74B892E}.Debug|Any CPU.ActiveCfg = Debug|Any CPU
		{700950D7-7861-4619-B5E3-EE55E74B892E}.Debug|Any CPU.Build.0 = Debug|Any CPU
		{700950D7-7861-4619-B5E3-EE55E74B892E}.Release|Any CPU.ActiveCfg = Release|Any CPU
		{700950D7-7861-4619-B5E3-EE55E74B892E}.Release|Any CPU.Build.0 = Release|Any CPU
		{D213E0DE-675B-484E-8240-B9901E872E52}.Debug|Any CPU.ActiveCfg = Debug|Any CPU
		{D213E0DE-675B-484E-8240-B9901E872E52}.Debug|Any CPU.Build.0 = Debug|Any CPU
		{D213E0DE-675B-484E-8240-B9901E872E52}.Release|Any CPU.ActiveCfg = Release|Any CPU
		{D213E0DE-675B-484E-8240-B9901E872E52}.Release|Any CPU.Build.0 = Release|Any CPU
		{CD6319EE-1E40-4B8B-B3A3-5C28983DDC45}.Debug|Any CPU.ActiveCfg = Debug|Any CPU
		{CD6319EE-1E40-4B8B-B3A3-5C28983DDC45}.Debug|Any CPU.Build.0 = Debug|Any CPU
		{CD6319EE-1E40-4B8B-B3A3-5C28983DDC45}.Release|Any CPU.ActiveCfg = Release|Any CPU
		{CD6319EE-1E40-4B8B-B3A3-5C28983DDC45}.Release|Any CPU.Build.0 = Release|Any CPU
		{C897DFCF-13F8-4D8B-B7EB-4647086C72A3}.Debug|Any CPU.ActiveCfg = Debug|Any CPU
		{C897DFCF-13F8-4D8B-B7EB-4647086C72A3}.Debug|Any CPU.Build.0 = Debug|Any CPU
		{C897DFCF-13F8-4D8B-B7EB-4647086C72A3}.Release|Any CPU.ActiveCfg = Release|Any CPU
		{C897DFCF-13F8-4D8B-B7EB-4647086C72A3}.Release|Any CPU.Build.0 = Release|Any CPU
		{DA8EE427-A50A-4C5C-AB0F-54C40EE69D48}.Debug|Any CPU.ActiveCfg = Debug|Any CPU
		{DA8EE427-A50A-4C5C-AB0F-54C40EE69D48}.Debug|Any CPU.Build.0 = Debug|Any CPU
		{DA8EE427-A50A-4C5C-AB0F-54C40EE69D48}.Release|Any CPU.ActiveCfg = Release|Any CPU
		{DA8EE427-A50A-4C5C-AB0F-54C40EE69D48}.Release|Any CPU.Build.0 = Release|Any CPU
		{B5E3477A-F3C9-453C-951A-EC92C2505E8D}.Debug|Any CPU.ActiveCfg = Debug|Any CPU
		{B5E3477A-F3C9-453C-951A-EC92C2505E8D}.Debug|Any CPU.Build.0 = Debug|Any CPU
		{B5E3477A-F3C9-453C-951A-EC92C2505E8D}.Release|Any CPU.ActiveCfg = Release|Any CPU
		{B5E3477A-F3C9-453C-951A-EC92C2505E8D}.Release|Any CPU.Build.0 = Release|Any CPU
		{3CA05318-84BE-4D0E-ADA0-4731B4915B21}.Debug|Any CPU.ActiveCfg = Debug|Any CPU
		{3CA05318-84BE-4D0E-ADA0-4731B4915B21}.Debug|Any CPU.Build.0 = Debug|Any CPU
		{3CA05318-84BE-4D0E-ADA0-4731B4915B21}.Release|Any CPU.ActiveCfg = Release|Any CPU
		{3CA05318-84BE-4D0E-ADA0-4731B4915B21}.Release|Any CPU.Build.0 = Release|Any CPU
		{98850F9E-2367-4FC8-9319-5C9B83C67C27}.Debug|Any CPU.ActiveCfg = Debug|Any CPU
		{98850F9E-2367-4FC8-9319-5C9B83C67C27}.Debug|Any CPU.Build.0 = Debug|Any CPU
		{98850F9E-2367-4FC8-9319-5C9B83C67C27}.Release|Any CPU.ActiveCfg = Release|Any CPU
		{98850F9E-2367-4FC8-9319-5C9B83C67C27}.Release|Any CPU.Build.0 = Release|Any CPU
		{52BFD999-5697-46A4-B1E6-82BCF5B505F3}.Debug|Any CPU.ActiveCfg = Debug|Any CPU
		{52BFD999-5697-46A4-B1E6-82BCF5B505F3}.Debug|Any CPU.Build.0 = Debug|Any CPU
		{52BFD999-5697-46A4-B1E6-82BCF5B505F3}.Release|Any CPU.ActiveCfg = Release|Any CPU
		{52BFD999-5697-46A4-B1E6-82BCF5B505F3}.Release|Any CPU.Build.0 = Release|Any CPU
		{8CCF5936-B122-48AF-9823-3039D38A1983}.Debug|Any CPU.ActiveCfg = Debug|Any CPU
		{8CCF5936-B122-48AF-9823-3039D38A1983}.Debug|Any CPU.Build.0 = Debug|Any CPU
		{8CCF5936-B122-48AF-9823-3039D38A1983}.Release|Any CPU.ActiveCfg = Release|Any CPU
		{8CCF5936-B122-48AF-9823-3039D38A1983}.Release|Any CPU.Build.0 = Release|Any CPU
		{95BEDECE-2532-4887-A875-AD3D033F1597}.Debug|Any CPU.ActiveCfg = Debug|Any CPU
		{95BEDECE-2532-4887-A875-AD3D033F1597}.Debug|Any CPU.Build.0 = Debug|Any CPU
		{95BEDECE-2532-4887-A875-AD3D033F1597}.Release|Any CPU.ActiveCfg = Release|Any CPU
		{95BEDECE-2532-4887-A875-AD3D033F1597}.Release|Any CPU.Build.0 = Release|Any CPU
		{B6CB8EB7-C52B-4A9E-B869-ED427E0AFD4F}.Debug|Any CPU.ActiveCfg = Debug|Any CPU
		{B6CB8EB7-C52B-4A9E-B869-ED427E0AFD4F}.Debug|Any CPU.Build.0 = Debug|Any CPU
		{B6CB8EB7-C52B-4A9E-B869-ED427E0AFD4F}.Release|Any CPU.ActiveCfg = Release|Any CPU
		{B6CB8EB7-C52B-4A9E-B869-ED427E0AFD4F}.Release|Any CPU.Build.0 = Release|Any CPU
		{017ED12A-DE58-4E3E-9A65-4B47C768FDC0}.Debug|Any CPU.ActiveCfg = Debug|Any CPU
		{017ED12A-DE58-4E3E-9A65-4B47C768FDC0}.Debug|Any CPU.Build.0 = Debug|Any CPU
		{017ED12A-DE58-4E3E-9A65-4B47C768FDC0}.Release|Any CPU.ActiveCfg = Release|Any CPU
		{017ED12A-DE58-4E3E-9A65-4B47C768FDC0}.Release|Any CPU.Build.0 = Release|Any CPU
		{1E4A58D7-AA5E-4205-AC2F-14267D6230A1}.Debug|Any CPU.ActiveCfg = Debug|Any CPU
		{1E4A58D7-AA5E-4205-AC2F-14267D6230A1}.Debug|Any CPU.Build.0 = Debug|Any CPU
		{1E4A58D7-AA5E-4205-AC2F-14267D6230A1}.Release|Any CPU.ActiveCfg = Release|Any CPU
		{1E4A58D7-AA5E-4205-AC2F-14267D6230A1}.Release|Any CPU.Build.0 = Release|Any CPU
		{DE472484-9921-4CEA-B750-F22C572DEAF0}.Debug|Any CPU.ActiveCfg = Debug|Any CPU
		{DE472484-9921-4CEA-B750-F22C572DEAF0}.Debug|Any CPU.Build.0 = Debug|Any CPU
		{DE472484-9921-4CEA-B750-F22C572DEAF0}.Release|Any CPU.ActiveCfg = Release|Any CPU
		{DE472484-9921-4CEA-B750-F22C572DEAF0}.Release|Any CPU.Build.0 = Release|Any CPU
		{3C972DC5-A29C-446C-ACF4-B65A33CBB4DC}.Debug|Any CPU.ActiveCfg = Debug|Any CPU
		{3C972DC5-A29C-446C-ACF4-B65A33CBB4DC}.Debug|Any CPU.Build.0 = Debug|Any CPU
		{3C972DC5-A29C-446C-ACF4-B65A33CBB4DC}.Release|Any CPU.ActiveCfg = Release|Any CPU
		{3C972DC5-A29C-446C-ACF4-B65A33CBB4DC}.Release|Any CPU.Build.0 = Release|Any CPU
		{0E771DEA-C27F-43A5-AF19-2C82D6FB37BB}.Debug|Any CPU.ActiveCfg = Debug|Any CPU
		{0E771DEA-C27F-43A5-AF19-2C82D6FB37BB}.Debug|Any CPU.Build.0 = Debug|Any CPU
		{0E771DEA-C27F-43A5-AF19-2C82D6FB37BB}.Release|Any CPU.ActiveCfg = Release|Any CPU
		{0E771DEA-C27F-43A5-AF19-2C82D6FB37BB}.Release|Any CPU.Build.0 = Release|Any CPU
	EndGlobalSection
	GlobalSection(SolutionProperties) = preSolution
		HideSolutionNode = FALSE
	EndGlobalSection
	GlobalSection(ExtensibilityGlobals) = postSolution
		SolutionGuid = {0C8E2000-A597-4FB8-9386-648584CACDD6}
	EndGlobalSection
EndGlobal
